// !$*UTF8*$!
{
	archiveVersion = 1;
	classes = {
	};
	objectVersion = 55;
	objects = {

/* Begin PBXBuildFile section */
		B17CA30E2886999A00D6EC4A /* Message.swift in Sources */ = {isa = PBXBuildFile; fileRef = B17CA30D2886999A00D6EC4A /* Message.swift */; };
		B17CA3102886BA1C00D6EC4A /* MessageRow.swift in Sources */ = {isa = PBXBuildFile; fileRef = B17CA30F2886BA1C00D6EC4A /* MessageRow.swift */; };
		B1B5CBD8287EC8CD0027B1D3 /* SwiftUIView-image.swift in Sources */ = {isa = PBXBuildFile; fileRef = B1B5CBD7287EC8CD0027B1D3 /* SwiftUIView-image.swift */; };
		B1F4AE31287E9FA4001A78DD /* WeChatHomeViewApp.swift in Sources */ = {isa = PBXBuildFile; fileRef = B1F4AE30287E9FA4001A78DD /* WeChatHomeViewApp.swift */; };
		B1F4AE33287E9FA4001A78DD /* MessageList.swift in Sources */ = {isa = PBXBuildFile; fileRef = B1F4AE32287E9FA4001A78DD /* MessageList.swift */; };
		B1F4AE35287E9FA7001A78DD /* Assets.xcassets in Resources */ = {isa = PBXBuildFile; fileRef = B1F4AE34287E9FA7001A78DD /* Assets.xcassets */; };
		B1F4AE38287E9FA7001A78DD /* Preview Assets.xcassets in Resources */ = {isa = PBXBuildFile; fileRef = B1F4AE37287E9FA7001A78DD /* Preview Assets.xcassets */; };
		B1FA1051288938C9007F077C /* MessageDetail.swift in Sources */ = {isa = PBXBuildFile; fileRef = B1FA1050288938C8007F077C /* MessageDetail.swift */; };
		B1FA105528894C6A007F077C /* Home.swift in Sources */ = {isa = PBXBuildFile; fileRef = B1FA105428894C6A007F077C /* Home.swift */; };
/* End PBXBuildFile section */

/* Begin PBXFileReference section */
		B17CA30D2886999A00D6EC4A /* Message.swift */ = {isa = PBXFileReference; lastKnownFileType = sourcecode.swift; path = Message.swift; sourceTree = "<group>"; };
		B17CA30F2886BA1C00D6EC4A /* MessageRow.swift */ = {isa = PBXFileReference; lastKnownFileType = sourcecode.swift; path = MessageRow.swift; sourceTree = "<group>"; };
		B1B5CBD7287EC8CD0027B1D3 /* SwiftUIView-image.swift */ = {isa = PBXFileReference; lastKnownFileType = sourcecode.swift; path = "SwiftUIView-image.swift"; sourceTree = "<group>"; };
		B1F4AE2D287E9FA4001A78DD /* WeChatHomeView.app */ = {isa = PBXFileReference; explicitFileType = wrapper.application; includeInIndex = 0; path = WeChatHomeView.app; sourceTree = BUILT_PRODUCTS_DIR; };
		B1F4AE30287E9FA4001A78DD /* WeChatHomeViewApp.swift */ = {isa = PBXFileReference; lastKnownFileType = sourcecode.swift; path = WeChatHomeViewApp.swift; sourceTree = "<group>"; };
		B1F4AE32287E9FA4001A78DD /* MessageList.swift */ = {isa = PBXFileReference; lastKnownFileType = sourcecode.swift; path = MessageList.swift; sourceTree = "<group>"; };
		B1F4AE34287E9FA7001A78DD /* Assets.xcassets */ = {isa = PBXFileReference; lastKnownFileType = folder.assetcatalog; path = Assets.xcassets; sourceTree = "<group>"; };
		B1F4AE37287E9FA7001A78DD /* Preview Assets.xcassets */ = {isa = PBXFileReference; lastKnownFileType = folder.assetcatalog; path = "Preview Assets.xcassets"; sourceTree = "<group>"; };
		B1FA1050288938C8007F077C /* MessageDetail.swift */ = {isa = PBXFileReference; lastKnownFileType = sourcecode.swift; path = MessageDetail.swift; sourceTree = "<group>"; };
		B1FA105428894C6A007F077C /* Home.swift */ = {isa = PBXFileReference; lastKnownFileType = sourcecode.swift; path = Home.swift; sourceTree = "<group>"; };
/* End PBXFileReference section */

/* Begin PBXFrameworksBuildPhase section */
		B1F4AE2A287E9FA4001A78DD /* Frameworks */ = {
			isa = PBXFrameworksBuildPhase;
			buildActionMask = 2147483647;
			files = (
			);
			runOnlyForDeploymentPostprocessing = 0;
		};
/* End PBXFrameworksBuildPhase section */

/* Begin PBXGroup section */
		B1F4AE24287E9FA4001A78DD = {
			isa = PBXGroup;
			children = (
				B1F4AE2F287E9FA4001A78DD /* WeChatHomeView */,
				B1F4AE2E287E9FA4001A78DD /* Products */,
			);
			sourceTree = "<group>";
		};
		B1F4AE2E287E9FA4001A78DD /* Products */ = {
			isa = PBXGroup;
			children = (
				B1F4AE2D287E9FA4001A78DD /* WeChatHomeView.app */,
			);
			name = Products;
			sourceTree = "<group>";
		};
		B1F4AE2F287E9FA4001A78DD /* WeChatHomeView */ = {
			isa = PBXGroup;
			children = (
				B1F4AE30287E9FA4001A78DD /* WeChatHomeViewApp.swift */,
				B1FA105328894C4E007F077C /* Common */,
				B1FA105228894C41007F077C /* Model */,
				B1F4AE32287E9FA4001A78DD /* MessageList.swift */,
				B1FA105428894C6A007F077C /* Home.swift */,
				B1FA1050288938C8007F077C /* MessageDetail.swift */,
				B17CA30F2886BA1C00D6EC4A /* MessageRow.swift */,
				B1F4AE34287E9FA7001A78DD /* Assets.xcassets */,
				B1F4AE36287E9FA7001A78DD /* Preview Content */,
			);
			path = WeChatHomeView;
			sourceTree = "<group>";
		};
		B1F4AE36287E9FA7001A78DD /* Preview Content */ = {
			isa = PBXGroup;
			children = (
				B1F4AE37287E9FA7001A78DD /* Preview Assets.xcassets */,
			);
			path = "Preview Content";
			sourceTree = "<group>";
		};
		B1FA105228894C41007F077C /* Model */ = {
			isa = PBXGroup;
			children = (
				B17CA30D2886999A00D6EC4A /* Message.swift */,
			);
			path = Model;
			sourceTree = "<group>";
		};
		B1FA105328894C4E007F077C /* Common */ = {
			isa = PBXGroup;
			children = (
				B1B5CBD7287EC8CD0027B1D3 /* SwiftUIView-image.swift */,
			);
			path = Common;
			sourceTree = "<group>";
		};
/* End PBXGroup section */

/* Begin PBXNativeTarget section */
		B1F4AE2C287E9FA4001A78DD /* WeChatHomeView */ = {
			isa = PBXNativeTarget;
			buildConfigurationList = B1F4AE3B287E9FA7001A78DD /* Build configuration list for PBXNativeTarget "WeChatHomeView" */;
			buildPhases = (
				B1F4AE29287E9FA4001A78DD /* Sources */,
				B1F4AE2A287E9FA4001A78DD /* Frameworks */,
				B1F4AE2B287E9FA4001A78DD /* Resources */,
			);
			buildRules = (
			);
			dependencies = (
			);
			name = WeChatHomeView;
			productName = WeChatHomeView;
			productReference = B1F4AE2D287E9FA4001A78DD /* WeChatHomeView.app */;
			productType = "com.apple.product-type.application";
		};
/* End PBXNativeTarget section */

/* Begin PBXProject section */
		B1F4AE25287E9FA4001A78DD /* Project object */ = {
			isa = PBXProject;
			attributes = {
				BuildIndependentTargetsInParallel = 1;
				LastSwiftUpdateCheck = 1340;
				LastUpgradeCheck = 1340;
				TargetAttributes = {
					B1F4AE2C287E9FA4001A78DD = {
						CreatedOnToolsVersion = 13.4.1;
					};
				};
			};
			buildConfigurationList = B1F4AE28287E9FA4001A78DD /* Build configuration list for PBXProject "WeChatHomeView" */;
			compatibilityVersion = "Xcode 13.0";
			developmentRegion = en;
			hasScannedForEncodings = 0;
			knownRegions = (
				en,
				Base,
			);
			mainGroup = B1F4AE24287E9FA4001A78DD;
			productRefGroup = B1F4AE2E287E9FA4001A78DD /* Products */;
			projectDirPath = "";
			projectRoot = "";
			targets = (
				B1F4AE2C287E9FA4001A78DD /* WeChatHomeView */,
			);
		};
/* End PBXProject section */

/* Begin PBXResourcesBuildPhase section */
		B1F4AE2B287E9FA4001A78DD /* Resources */ = {
			isa = PBXResourcesBuildPhase;
			buildActionMask = 2147483647;
			files = (
				B1F4AE38287E9FA7001A78DD /* Preview Assets.xcassets in Resources */,
				B1F4AE35287E9FA7001A78DD /* Assets.xcassets in Resources */,
			);
			runOnlyForDeploymentPostprocessing = 0;
		};
/* End PBXResourcesBuildPhase section */

/* Begin PBXSourcesBuildPhase section */
		B1F4AE29287E9FA4001A78DD /* Sources */ = {
			isa = PBXSourcesBuildPhase;
			buildActionMask = 2147483647;
			files = (
				B1F4AE33287E9FA4001A78DD /* MessageList.swift in Sources */,
				B17CA30E2886999A00D6EC4A /* Message.swift in Sources */,
				B1F4AE31287E9FA4001A78DD /* WeChatHomeViewApp.swift in Sources */,
				B1B5CBD8287EC8CD0027B1D3 /* SwiftUIView-image.swift in Sources */,
				B1FA1051288938C9007F077C /* MessageDetail.swift in Sources */,
				B17CA3102886BA1C00D6EC4A /* MessageRow.swift in Sources */,
				B1FA105528894C6A007F077C /* Home.swift in Sources */,
			);
			runOnlyForDeploymentPostprocessing = 0;
		};
/* End PBXSourcesBuildPhase section */

/* Begin XCBuildConfiguration section */
		B1F4AE39287E9FA7001A78DD /* Debug */ = {
			isa = XCBuildConfiguration;
			buildSettings = {
				ALWAYS_SEARCH_USER_PATHS = NO;
				CLANG_ANALYZER_NONNULL = YES;
				CLANG_ANALYZER_NUMBER_OBJECT_CONVERSION = YES_AGGRESSIVE;
				CLANG_CXX_LANGUAGE_STANDARD = "gnu++17";
				CLANG_ENABLE_MODULES = YES;
				CLANG_ENABLE_OBJC_ARC = YES;
				CLANG_ENABLE_OBJC_WEAK = YES;
				CLANG_WARN_BLOCK_CAPTURE_AUTORELEASING = YES;
				CLANG_WARN_BOOL_CONVERSION = YES;
				CLANG_WARN_COMMA = YES;
				CLANG_WARN_CONSTANT_CONVERSION = YES;
				CLANG_WARN_DEPRECATED_OBJC_IMPLEMENTATIONS = YES;
				CLANG_WARN_DIRECT_OBJC_ISA_USAGE = YES_ERROR;
				CLANG_WARN_DOCUMENTATION_COMMENTS = YES;
				CLANG_WARN_EMPTY_BODY = YES;
				CLANG_WARN_ENUM_CONVERSION = YES;
				CLANG_WARN_INFINITE_RECURSION = YES;
				CLANG_WARN_INT_CONVERSION = YES;
				CLANG_WARN_NON_LITERAL_NULL_CONVERSION = YES;
				CLANG_WARN_OBJC_IMPLICIT_RETAIN_SELF = YES;
				CLANG_WARN_OBJC_LITERAL_CONVERSION = YES;
				CLANG_WARN_OBJC_ROOT_CLASS = YES_ERROR;
				CLANG_WARN_QUOTED_INCLUDE_IN_FRAMEWORK_HEADER = YES;
				CLANG_WARN_RANGE_LOOP_ANALYSIS = YES;
				CLANG_WARN_STRICT_PROTOTYPES = YES;
				CLANG_WARN_SUSPICIOUS_MOVE = YES;
				CLANG_WARN_UNGUARDED_AVAILABILITY = YES_AGGRESSIVE;
				CLANG_WARN_UNREACHABLE_CODE = YES;
				CLANG_WARN__DUPLICATE_METHOD_MATCH = YES;
				COPY_PHASE_STRIP = NO;
				DEBUG_INFORMATION_FORMAT = dwarf;
				ENABLE_STRICT_OBJC_MSGSEND = YES;
				ENABLE_TESTABILITY = YES;
				GCC_C_LANGUAGE_STANDARD = gnu11;
				GCC_DYNAMIC_NO_PIC = NO;
				GCC_NO_COMMON_BLOCKS = YES;
				GCC_OPTIMIZATION_LEVEL = 0;
				GCC_PREPROCESSOR_DEFINITIONS = (
					"DEBUG=1",
					"$(inherited)",
				);
				GCC_WARN_64_TO_32_BIT_CONVERSION = YES;
				GCC_WARN_ABOUT_RETURN_TYPE = YES_ERROR;
				GCC_WARN_UNDECLARED_SELECTOR = YES;
				GCC_WARN_UNINITIALIZED_AUTOS = YES_AGGRESSIVE;
				GCC_WARN_UNUSED_FUNCTION = YES;
				GCC_WARN_UNUSED_VARIABLE = YES;
				IPHONEOS_DEPLOYMENT_TARGET = 15.5;
				MTL_ENABLE_DEBUG_INFO = INCLUDE_SOURCE;
				MTL_FAST_MATH = YES;
				ONLY_ACTIVE_ARCH = YES;
				SDKROOT = iphoneos;
				SWIFT_ACTIVE_COMPILATION_CONDITIONS = DEBUG;
				SWIFT_OPTIMIZATION_LEVEL = "-Onone";
			};
			name = Debug;
		};
		B1F4AE3A287E9FA7001A78DD /* Release */ = {
			isa = XCBuildConfiguration;
			buildSettings = {
				ALWAYS_SEARCH_USER_PATHS = NO;
				CLANG_ANALYZER_NONNULL = YES;
				CLANG_ANALYZER_NUMBER_OBJECT_CONVERSION = YES_AGGRESSIVE;
				CLANG_CXX_LANGUAGE_STANDARD = "gnu++17";
				CLANG_ENABLE_MODULES = YES;
				CLANG_ENABLE_OBJC_ARC = YES;
				CLANG_ENABLE_OBJC_WEAK = YES;
				CLANG_WARN_BLOCK_CAPTURE_AUTORELEASING = YES;
				CLANG_WARN_BOOL_CONVERSION = YES;
				CLANG_WARN_COMMA = YES;
				CLANG_WARN_CONSTANT_CONVERSION = YES;
				CLANG_WARN_DEPRECATED_OBJC_IMPLEMENTATIONS = YES;
				CLANG_WARN_DIRECT_OBJC_ISA_USAGE = YES_ERROR;
				CLANG_WARN_DOCUMENTATION_COMMENTS = YES;
				CLANG_WARN_EMPTY_BODY = YES;
				CLANG_WARN_ENUM_CONVERSION = YES;
				CLANG_WARN_INFINITE_RECURSION = YES;
				CLANG_WARN_INT_CONVERSION = YES;
				CLANG_WARN_NON_LITERAL_NULL_CONVERSION = YES;
				CLANG_WARN_OBJC_IMPLICIT_RETAIN_SELF = YES;
				CLANG_WARN_OBJC_LITERAL_CONVERSION = YES;
				CLANG_WARN_OBJC_ROOT_CLASS = YES_ERROR;
				CLANG_WARN_QUOTED_INCLUDE_IN_FRAMEWORK_HEADER = YES;
				CLANG_WARN_RANGE_LOOP_ANALYSIS = YES;
				CLANG_WARN_STRICT_PROTOTYPES = YES;
				CLANG_WARN_SUSPICIOUS_MOVE = YES;
				CLANG_WARN_UNGUARDED_AVAILABILITY = YES_AGGRESSIVE;
				CLANG_WARN_UNREACHABLE_CODE = YES;
				CLANG_WARN__DUPLICATE_METHOD_MATCH = YES;
				COPY_PHASE_STRIP = NO;
				DEBUG_INFORMATION_FORMAT = "dwarf-with-dsym";
				ENABLE_NS_ASSERTIONS = NO;
				ENABLE_STRICT_OBJC_MSGSEND = YES;
				GCC_C_LANGUAGE_STANDARD = gnu11;
				GCC_NO_COMMON_BLOCKS = YES;
				GCC_WARN_64_TO_32_BIT_CONVERSION = YES;
				GCC_WARN_ABOUT_RETURN_TYPE = YES_ERROR;
				GCC_WARN_UNDECLARED_SELECTOR = YES;
				GCC_WARN_UNINITIALIZED_AUTOS = YES_AGGRESSIVE;
				GCC_WARN_UNUSED_FUNCTION = YES;
				GCC_WARN_UNUSED_VARIABLE = YES;
				IPHONEOS_DEPLOYMENT_TARGET = 15.5;
				MTL_ENABLE_DEBUG_INFO = NO;
				MTL_FAST_MATH = YES;
				SDKROOT = iphoneos;
				SWIFT_COMPILATION_MODE = wholemodule;
				SWIFT_OPTIMIZATION_LEVEL = "-O";
				VALIDATE_PRODUCT = YES;
			};
			name = Release;
		};
		B1F4AE3C287E9FA7001A78DD /* Debug */ = {
			isa = XCBuildConfiguration;
			buildSettings = {
				ASSETCATALOG_COMPILER_APPICON_NAME = AppIcon;
				ASSETCATALOG_COMPILER_GLOBAL_ACCENT_COLOR_NAME = AccentColor;
				CODE_SIGN_STYLE = Automatic;
				CURRENT_PROJECT_VERSION = 1;
				DEVELOPMENT_ASSET_PATHS = "\"WeChatHomeView/Preview Content\"";
				DEVELOPMENT_TEAM = 92NWMNTXWL;
				ENABLE_PREVIEWS = YES;
				GENERATE_INFOPLIST_FILE = YES;
				INFOPLIST_KEY_UIApplicationSceneManifest_Generation = YES;
				INFOPLIST_KEY_UIApplicationSupportsIndirectInputEvents = YES;
				INFOPLIST_KEY_UILaunchScreen_Generation = YES;
				INFOPLIST_KEY_UISupportedInterfaceOrientations_iPad = "UIInterfaceOrientationPortrait UIInterfaceOrientationPortraitUpsideDown UIInterfaceOrientationLandscapeLeft UIInterfaceOrientationLandscapeRight";
				INFOPLIST_KEY_UISupportedInterfaceOrientations_iPhone = "UIInterfaceOrientationPortrait UIInterfaceOrientationLandscapeLeft UIInterfaceOrientationLandscapeRight";
				LD_RUNPATH_SEARCH_PATHS = (
					"$(inherited)",
					"@executable_path/Frameworks",
				);
				MARKETING_VERSION = 1.0;
				PRODUCT_BUNDLE_IDENTIFIER = yumingzheng.WeChatHomeView;
				PRODUCT_NAME = "$(TARGET_NAME)";
				SWIFT_EMIT_LOC_STRINGS = YES;
				SWIFT_VERSION = 5.0;
				TARGETED_DEVICE_FAMILY = "1,2";
			};
			name = Debug;
		};
		B1F4AE3D287E9FA7001A78DD /* Release */ = {
			isa = XCBuildConfiguration;
			buildSettings = {
				ASSETCATALOG_COMPILER_APPICON_NAME = AppIcon;
				ASSETCATALOG_COMPILER_GLOBAL_ACCENT_COLOR_NAME = AccentColor;
				CODE_SIGN_STYLE = Automatic;
				CURRENT_PROJECT_VERSION = 1;
				DEVELOPMENT_ASSET_PATHS = "\"WeChatHomeView/Preview Content\"";
				DEVELOPMENT_TEAM = 92NWMNTXWL;
				ENABLE_PREVIEWS = YES;
				GENERATE_INFOPLIST_FILE = YES;
				INFOPLIST_KEY_UIApplicationSceneManifest_Generation = YES;
				INFOPLIST_KEY_UIApplicationSupportsIndirectInputEvents = YES;
				INFOPLIST_KEY_UILaunchScreen_Generation = YES;
				INFOPLIST_KEY_UISupportedInterfaceOrientations_iPad = "UIInterfaceOrientationPortrait UIInterfaceOrientationPortraitUpsideDown UIInterfaceOrientationLandscapeLeft UIInterfaceOrientationLandscapeRight";
				INFOPLIST_KEY_UISupportedInterfaceOrientations_iPhone = "UIInterfaceOrientationPortrait UIInterfaceOrientationLandscapeLeft UIInterfaceOrientationLandscapeRight";
				LD_RUNPATH_SEARCH_PATHS = (
					"$(inherited)",
					"@executable_path/Frameworks",
				);
				MARKETING_VERSION = 1.0;
				PRODUCT_BUNDLE_IDENTIFIER = yumingzheng.WeChatHomeView;
				PRODUCT_NAME = "$(TARGET_NAME)";
				SWIFT_EMIT_LOC_STRINGS = YES;
				SWIFT_VERSION = 5.0;
				TARGETED_DEVICE_FAMILY = "1,2";
			};
			name = Release;
		};
/* End XCBuildConfiguration section */

/* Begin XCConfigurationList section */
		B1F4AE28287E9FA4001A78DD /* Build configuration list for PBXProject "WeChatHomeView" */ = {
			isa = XCConfigurationList;
			buildConfigurations = (
				B1F4AE39287E9FA7001A78DD /* Debug */,
				B1F4AE3A287E9FA7001A78DD /* Release */,
			);
			defaultConfigurationIsVisible = 0;
			defaultConfigurationName = Release;
		};
		B1F4AE3B287E9FA7001A78DD /* Build configuration list for PBXNativeTarget "WeChatHomeView" */ = {
			isa = XCConfigurationList;
			buildConfigurations = (
				B1F4AE3C287E9FA7001A78DD /* Debug */,
				B1F4AE3D287E9FA7001A78DD /* Release */,
			);
			defaultConfigurationIsVisible = 0;
			defaultConfigurationName = Release;
		};
/* End XCConfigurationList section */
	};
	rootObject = B1F4AE25287E9FA4001A78DD /* Project object */;
}
